
Microsoft Visual Studio Solution File, Format Version 12.00
# Visual Studio Version 17
VisualStudioVersion = 17.14.36414.22 d17.14
MinimumVisualStudioVersion = 10.0.40219.1
Project("{FAE04EC0-301F-11D3-BF4B-00C04F79EFBC}") = "ClassWork_06", "ClassWork_06\ClassWork_06.csproj", "{4864FE0D-FFC0-48A2-ACE8-A2ECC0541227}"
EndProject
Global
	GlobalSection(SolutionConfigurationPlatforms) = preSolution
		Debug|Any CPU = Debug|Any CPU
		Release|Any CPU = Release|Any CPU
	EndGlobalSection
	GlobalSection(ProjectConfigurationPlatforms) = postSolution
		{4864FE0D-FFC0-48A2-ACE8-A2ECC0541227}.Debug|Any CPU.ActiveCfg = Debug|Any CPU
		{4864FE0D-FFC0-48A2-ACE8-A2ECC0541227}.Debug|Any CPU.Build.0 = Debug|Any CPU
		{4864FE0D-FFC0-48A2-ACE8-A2ECC0541227}.Release|Any CPU.ActiveCfg = Release|Any CPU
		{4864FE0D-FFC0-48A2-ACE8-A2ECC0541227}.Release|Any CPU.Build.0 = Release|Any CPU
	EndGlobalSection
	GlobalSection(SolutionProperties) = preSolution
		HideSolutionNode = FALSE
	EndGlobalSection
	GlobalSection(ExtensibilityGlobals) = postSolution
		SolutionGuid = {C4EFC23E-4AAE-4DFC-A170-04858B55CE18}
	EndGlobalSection
EndGlobal
